
Microsoft Visual Studio Solution File, Format Version 12.00
# Visual Studio Version 17
VisualStudioVersion = 17.9.34701.34
MinimumVisualStudioVersion = 10.0.40219.1
Project("{FAE04EC0-301F-11D3-BF4B-00C04F79EFBC}") = "Lab Sheet 1 Question 5", "Lab Sheet 1 Question 5\Lab Sheet 1 Question 5.csproj", "{7F15AE05-E89D-4907-86A0-F344891E713F}"
EndProject
Global
	GlobalSection(SolutionConfigurationPlatforms) = preSolution
		Debug|Any CPU = Debug|Any CPU
		Release|Any CPU = Release|Any CPU
	EndGlobalSection
	GlobalSection(ProjectConfigurationPlatforms) = postSolution
		{7F15AE05-E89D-4907-86A0-F344891E713F}.Debug|Any CPU.ActiveCfg = Debug|Any CPU
		{7F15AE05-E89D-4907-86A0-F344891E713F}.Debug|Any CPU.Build.0 = Debug|Any CPU
		{7F15AE05-E89D-4907-86A0-F344891E713F}.Release|Any CPU.ActiveCfg = Release|Any CPU
		{7F15AE05-E89D-4907-86A0-F344891E713F}.Release|Any CPU.Build.0 = Release|Any CPU
	EndGlobalSection
	GlobalSection(SolutionProperties) = preSolution
		HideSolutionNode = FALSE
	EndGlobalSection
	GlobalSection(ExtensibilityGlobals) = postSolution
		SolutionGuid = {907E665C-81A4-400C-A37A-C6F909F97F18}
	EndGlobalSection
EndGlobal
