
Microsoft Visual Studio Solution File, Format Version 12.00
# Visual Studio Version 17
VisualStudioVersion = 17.9.34701.34
MinimumVisualStudioVersion = 10.0.40219.1
Project("{FAE04EC0-301F-11D3-BF4B-00C04F79EFBC}") = "Lab Sheet 2 Question 4", "Lab Sheet 2 Question 4\Lab Sheet 2 Question 4.csproj", "{E375112C-2156-4665-B87A-F6F85BA155A7}"
EndProject
Global
	GlobalSection(SolutionConfigurationPlatforms) = preSolution
		Debug|Any CPU = Debug|Any CPU
		Release|Any CPU = Release|Any CPU
	EndGlobalSection
	GlobalSection(ProjectConfigurationPlatforms) = postSolution
		{E375112C-2156-4665-B87A-F6F85BA155A7}.Debug|Any CPU.ActiveCfg = Debug|Any CPU
		{E375112C-2156-4665-B87A-F6F85BA155A7}.Debug|Any CPU.Build.0 = Debug|Any CPU
		{E375112C-2156-4665-B87A-F6F85BA155A7}.Release|Any CPU.ActiveCfg = Release|Any CPU
		{E375112C-2156-4665-B87A-F6F85BA155A7}.Release|Any CPU.Build.0 = Release|Any CPU
	EndGlobalSection
	GlobalSection(SolutionProperties) = preSolution
		HideSolutionNode = FALSE
	EndGlobalSection
	GlobalSection(ExtensibilityGlobals) = postSolution
		SolutionGuid = {10D1EE91-EB3A-4EE0-B877-5377F01B1B73}
	EndGlobalSection
EndGlobal
