
Microsoft Visual Studio Solution File, Format Version 12.00
# Visual Studio Version 17
VisualStudioVersion = 17.9.34701.34
MinimumVisualStudioVersion = 10.0.40219.1
Project("{FAE04EC0-301F-11D3-BF4B-00C04F79EFBC}") = "Lab Sheet 1 Question 7", "Lab Sheet 1 Question 7\Lab Sheet 1 Question 7.csproj", "{BCB21BF8-E232-423B-88CE-DD355C56FEE1}"
EndProject
Global
	GlobalSection(SolutionConfigurationPlatforms) = preSolution
		Debug|Any CPU = Debug|Any CPU
		Release|Any CPU = Release|Any CPU
	EndGlobalSection
	GlobalSection(ProjectConfigurationPlatforms) = postSolution
		{BCB21BF8-E232-423B-88CE-DD355C56FEE1}.Debug|Any CPU.ActiveCfg = Debug|Any CPU
		{BCB21BF8-E232-423B-88CE-DD355C56FEE1}.Debug|Any CPU.Build.0 = Debug|Any CPU
		{BCB21BF8-E232-423B-88CE-DD355C56FEE1}.Release|Any CPU.ActiveCfg = Release|Any CPU
		{BCB21BF8-E232-423B-88CE-DD355C56FEE1}.Release|Any CPU.Build.0 = Release|Any CPU
	EndGlobalSection
	GlobalSection(SolutionProperties) = preSolution
		HideSolutionNode = FALSE
	EndGlobalSection
	GlobalSection(ExtensibilityGlobals) = postSolution
		SolutionGuid = {3BDBEFD0-EC78-4E0F-B018-F3CF61A7F5DD}
	EndGlobalSection
EndGlobal
